
Microsoft Visual Studio Solution File, Format Version 12.00
# Visual Studio Version 17
VisualStudioVersion = 17.11.35303.130
MinimumVisualStudioVersion = 10.0.40219.1
Project("{FAE04EC0-301F-11D3-BF4B-00C04F79EFBC}") = "CategoryAPI", "Category.API\CategoryAPI.csproj", "{D9AB9702-80B7-4BEF-B8B5-C9A9495DFF9F}"
EndProject
Project("{2150E333-8FDC-42A3-9474-1A3956D46DE8}") = "Services", "Services", "{5A7438A8-A438-49A0-87AC-B6C56826559C}"
EndProject
Project("{2150E333-8FDC-42A3-9474-1A3956D46DE8}") = "BuildingBlocks", "BuildingBlocks", "{17C6F312-F659-4E8D-BBBB-16935B10158C}"
EndProject
Project("{FAE04EC0-301F-11D3-BF4B-00C04F79EFBC}") = "BuildingBlocks", "BuildingBlocks\BuildingBlocks.csproj", "{BD4FE572-4323-4497-81AB-A06F9A55ABFF}"
EndProject
Global
	GlobalSection(SolutionConfigurationPlatforms) = preSolution
		Debug|Any CPU = Debug|Any CPU
		Release|Any CPU = Release|Any CPU
	EndGlobalSection
	GlobalSection(ProjectConfigurationPlatforms) = postSolution
		{D9AB9702-80B7-4BEF-B8B5-C9A9495DFF9F}.Debug|Any CPU.ActiveCfg = Debug|Any CPU
		{D9AB9702-80B7-4BEF-B8B5-C9A9495DFF9F}.Debug|Any CPU.Build.0 = Debug|Any CPU
		{D9AB9702-80B7-4BEF-B8B5-C9A9495DFF9F}.Release|Any CPU.ActiveCfg = Release|Any CPU
		{D9AB9702-80B7-4BEF-B8B5-C9A9495DFF9F}.Release|Any CPU.Build.0 = Release|Any CPU
		{BD4FE572-4323-4497-81AB-A06F9A55ABFF}.Debug|Any CPU.ActiveCfg = Debug|Any CPU
		{BD4FE572-4323-4497-81AB-A06F9A55ABFF}.Debug|Any CPU.Build.0 = Debug|Any CPU
		{BD4FE572-4323-4497-81AB-A06F9A55ABFF}.Release|Any CPU.ActiveCfg = Release|Any CPU
		{BD4FE572-4323-4497-81AB-A06F9A55ABFF}.Release|Any CPU.Build.0 = Release|Any CPU
	EndGlobalSection
	GlobalSection(SolutionProperties) = preSolution
		HideSolutionNode = FALSE
	EndGlobalSection
	GlobalSection(NestedProjects) = preSolution
		{D9AB9702-80B7-4BEF-B8B5-C9A9495DFF9F} = {5A7438A8-A438-49A0-87AC-B6C56826559C}
		{BD4FE572-4323-4497-81AB-A06F9A55ABFF} = {17C6F312-F659-4E8D-BBBB-16935B10158C}
	EndGlobalSection
	GlobalSection(ExtensibilityGlobals) = postSolution
		SolutionGuid = {54620CA0-8C05-446C-BB30-515FBDED7508}
	EndGlobalSection
EndGlobal
